
Microsoft Visual Studio Solution File, Format Version 12.00
# Visual Studio 14
VisualStudioVersion = 14.0.25420.1
MinimumVisualStudioVersion = 10.0.40219.1
Project("{FAE04EC0-301F-11D3-BF4B-00C04F79EFBC}") = "Latihan_1_1", "Latihan_1_1\Latihan_1_1.csproj", "{7C35CF03-B8AB-4EC8-AA93-920C9E592C2B}"
EndProject
Project("{FAE04EC0-301F-11D3-BF4B-00C04F79EFBC}") = "Latihan_2_1", "Latihan_2_1\Latihan_2_1.csproj", "{03C90EE4-B026-4B0C-986C-B2BD153A5362}"
EndProject
Project("{FAE04EC0-301F-11D3-BF4B-00C04F79EFBC}") = "Latihan_3_1", "Latihan_3_1\Latihan_3_1.csproj", "{AB0F5F1C-13BD-4E8D-BC8B-DA8255CA07ED}"
EndProject
Project("{FAE04EC0-301F-11D3-BF4B-00C04F79EFBC}") = "Latihan_4_1", "Latihan_4_1\Latihan_4_1.csproj", "{16383626-FDA3-4D96-AA9C-AD0216F7EC03}"
EndProject
Project("{FAE04EC0-301F-11D3-BF4B-00C04F79EFBC}") = "Latihan_5_1", "Latihan_5_1\Latihan_5_1.csproj", "{6DA6FA11-741F-4D1E-A252-2BBDDA463EFF}"
EndProject
Project("{FAE04EC0-301F-11D3-BF4B-00C04F79EFBC}") = "Latihan_DA", "..\..\..\Selasa_141110558_EricAlexanderPrasetyo-master\Latihan_DA\Latihan_DA.csproj", "{691C13EB-F003-42C0-B521-8033CAD752CA}"
EndProject
Global
	GlobalSection(SolutionConfigurationPlatforms) = preSolution
		Debug|Any CPU = Debug|Any CPU
		Release|Any CPU = Release|Any CPU
	EndGlobalSection
	GlobalSection(ProjectConfigurationPlatforms) = postSolution
		{7C35CF03-B8AB-4EC8-AA93-920C9E592C2B}.Debug|Any CPU.ActiveCfg = Debug|Any CPU
		{7C35CF03-B8AB-4EC8-AA93-920C9E592C2B}.Debug|Any CPU.Build.0 = Debug|Any CPU
		{7C35CF03-B8AB-4EC8-AA93-920C9E592C2B}.Release|Any CPU.ActiveCfg = Release|Any CPU
		{7C35CF03-B8AB-4EC8-AA93-920C9E592C2B}.Release|Any CPU.Build.0 = Release|Any CPU
		{03C90EE4-B026-4B0C-986C-B2BD153A5362}.Debug|Any CPU.ActiveCfg = Debug|Any CPU
		{03C90EE4-B026-4B0C-986C-B2BD153A5362}.Debug|Any CPU.Build.0 = Debug|Any CPU
		{03C90EE4-B026-4B0C-986C-B2BD153A5362}.Release|Any CPU.ActiveCfg = Release|Any CPU
		{03C90EE4-B026-4B0C-986C-B2BD153A5362}.Release|Any CPU.Build.0 = Release|Any CPU
		{AB0F5F1C-13BD-4E8D-BC8B-DA8255CA07ED}.Debug|Any CPU.ActiveCfg = Debug|Any CPU
		{AB0F5F1C-13BD-4E8D-BC8B-DA8255CA07ED}.Debug|Any CPU.Build.0 = Debug|Any CPU
		{AB0F5F1C-13BD-4E8D-BC8B-DA8255CA07ED}.Release|Any CPU.ActiveCfg = Release|Any CPU
		{AB0F5F1C-13BD-4E8D-BC8B-DA8255CA07ED}.Release|Any CPU.Build.0 = Release|Any CPU
		{16383626-FDA3-4D96-AA9C-AD0216F7EC03}.Debug|Any CPU.ActiveCfg = Debug|Any CPU
		{16383626-FDA3-4D96-AA9C-AD0216F7EC03}.Debug|Any CPU.Build.0 = Debug|Any CPU
		{16383626-FDA3-4D96-AA9C-AD0216F7EC03}.Release|Any CPU.ActiveCfg = Release|Any CPU
		{16383626-FDA3-4D96-AA9C-AD0216F7EC03}.Release|Any CPU.Build.0 = Release|Any CPU
		{6DA6FA11-741F-4D1E-A252-2BBDDA463EFF}.Debug|Any CPU.ActiveCfg = Debug|Any CPU
		{6DA6FA11-741F-4D1E-A252-2BBDDA463EFF}.Debug|Any CPU.Build.0 = Debug|Any CPU
		{6DA6FA11-741F-4D1E-A252-2BBDDA463EFF}.Release|Any CPU.ActiveCfg = Release|Any CPU
		{6DA6FA11-741F-4D1E-A252-2BBDDA463EFF}.Release|Any CPU.Build.0 = Release|Any CPU
		{691C13EB-F003-42C0-B521-8033CAD752CA}.Debug|Any CPU.ActiveCfg = Debug|Any CPU
		{691C13EB-F003-42C0-B521-8033CAD752CA}.Debug|Any CPU.Build.0 = Debug|Any CPU
		{691C13EB-F003-42C0-B521-8033CAD752CA}.Release|Any CPU.ActiveCfg = Release|Any CPU
		{691C13EB-F003-42C0-B521-8033CAD752CA}.Release|Any CPU.Build.0 = Release|Any CPU
	EndGlobalSection
	GlobalSection(SolutionProperties) = preSolution
		HideSolutionNode = FALSE
	EndGlobalSection
EndGlobal
